
Microsoft Visual Studio Solution File, Format Version 12.00
# Visual Studio Version 17
VisualStudioVersion = 17.7.34009.444
MinimumVisualStudioVersion = 10.0.40219.1
Project("{9A19103F-16F7-4668-BE54-9A1E7A4F7556}") = "TenantSubscriptionApp", "TenantSubscriptionApp.csproj", "{2B928A67-EA8E-4C59-9A24-93A2C53608EE}"
EndProject
Global
	GlobalSection(SolutionConfigurationPlatforms) = preSolution
		Debug|Any CPU = Debug|Any CPU
		Release|Any CPU = Release|Any CPU
	EndGlobalSection
	GlobalSection(ProjectConfigurationPlatforms) = postSolution
		{2B928A67-EA8E-4C59-9A24-93A2C53608EE}.Debug|Any CPU.ActiveCfg = Debug|Any CPU
		{2B928A67-EA8E-4C59-9A24-93A2C53608EE}.Debug|Any CPU.Build.0 = Debug|Any CPU
		{2B928A67-EA8E-4C59-9A24-93A2C53608EE}.Release|Any CPU.ActiveCfg = Release|Any CPU
		{2B928A67-EA8E-4C59-9A24-93A2C53608EE}.Release|Any CPU.Build.0 = Release|Any CPU
	EndGlobalSection
	GlobalSection(SolutionProperties) = preSolution
		HideSolutionNode = FALSE
	EndGlobalSection
	GlobalSection(ExtensibilityGlobals) = postSolution
		SolutionGuid = {5B9CBF82-6ACE-4D4B-AC1F-6D9148B42DF0}
	EndGlobalSection
EndGlobal
